version = 1
revision = 2
requires-python = ">=3.8"
resolution-markers = [
    "python_full_version >= '3.10'",
    "python_full_version == '3.9.*'",
    "python_full_version < '3.9'",
]

[[package]]
name = "curdate"
version = "0.1.0"
source = { virtual = "." }
dependencies = [
    { name = "holidays", version = "0.58", source = { registry = "https://mirrors.aliyun.com/pypi/simple/" }, marker = "python_full_version < '3.9'" },
    { name = "holidays", version = "0.83", source = { registry = "https://mirrors.aliyun.com/pypi/simple/" }, marker = "python_full_version == '3.9.*'" },
    { name = "holidays", version = "0.96", source = { registry = "https://mirrors.aliyun.com/pypi/simple/" }, marker = "python_full_version >= '3.10'" },
    { name = "termcolor", version = "2.4.0", source = { registry = "https://mirrors.aliyun.com/pypi/simple/" }, marker = "python_full_version < '3.9'" },
    { name = "termcolor", version = "3.1.0", source = { registry = "https://mirrors.aliyun.com/pypi/simple/" }, marker = "python_full_version == '3.9.*'" },
    { name = "termcolor", version = "3.3.0", source = { registry = "https://mirrors.aliyun.com/pypi/simple/" }, marker = "python_full_version >= '3.10'" },
    { name = "zhdate" },
]

[package.metadata]
requires-dist = [
    { name = "holidays", specifier = ">=0.20" },
    { name = "termcolor", specifier = ">=2.0.0" },
    { name = "zhdate", specifier = ">=0.1.0" },
]

[[package]]
name = "holidays"
version = "0.58"
source = { registry = "https://mirrors.aliyun.com/pypi/simple/" }
resolution-markers = [
    "python_full_version < '3.9'",
]
dependencies = [
    { name = "python-dateutil", marker = "python_full_version < '3.9'" },
]
sdist = { url = "https://mirrors.aliyun.com/pypi/packages/bf/40/b9483c9d7b616c8f3a12ce3ddffa78e141d49726495de8647c00a8d046aa/holidays-0.58.tar.gz", hash = "sha256:cbe5f3b862474b8f6e5f7ee423f17f3ebd7836fcc74b38540f97b27a7f92dca7" }
wheels = [
    { url = "https://mirrors.aliyun.com/pypi/packages/0f/69/fa78950f99c0add5222f693d13b987b642aa778bca63fb9aaaca365be16c/holidays-0.58-py3-none-any.whl", hash = "sha256:74eb0bd07db862c5b108d5e42cbd33c37ea066a2e8dc54f4858dd3cceef5ee8b" },
]

[[package]]
name = "holidays"
version = "0.83"
source = { registry = "https://mirrors.aliyun.com/pypi/simple/" }
resolution-markers = [
    "python_full_version == '3.9.*'",
]
dependencies = [
    { name = "python-dateutil", marker = "python_full_version == '3.9.*'" },
]
sdist = { url = "https://mirrors.aliyun.com/pypi/packages/ea/cf/c15e08bbeeb117186a49fd21067fcf3c0b140e9549b6eca246efd0083fd0/holidays-0.83.tar.gz", hash = "sha256:99b97b002079ab57dac93295933907d2aae2742ad9a4d64fe33864dfae6805fa" }
wheels = [
    { url = "https://mirrors.aliyun.com/pypi/packages/3c/96/70e8c138643ad2895efd96b1b8ca4f00209beea1fed5f5d02b74ab057ee6/holidays-0.83-py3-none-any.whl", hash = "sha256:e36a368227b5b62129871463697bfde7e5212f6f77e43640320b727b79a875a8" },
]

[[package]]
name = "holidays"
version = "0.96"
source = { registry = "https://mirrors.aliyun.com/pypi/simple/" }
resolution-markers = [
    "python_full_version >= '3.10'",
]
dependencies = [
    { name = "python-dateutil", marker = "python_full_version >= '3.10'" },
]
sdist = { url = "https://mirrors.aliyun.com/pypi/packages/3e/dd/068cb4636a3cb433251e7d018d145f1a8c3c57c6fb0452d022561a35c46a/holidays-0.96.tar.gz", hash = "sha256:9d4d15bc28fa690969b82f07a1d6571aa14d4073cc98802510c08dfe3b1f2d25" }
wheels = [
    { url = "https://mirrors.aliyun.com/pypi/packages/00/a2/05cbe4e2309a08a09bbfab04d3d37d687b5852abf7d037fea19313d2eb60/holidays-0.96-py3-none-any.whl", hash = "sha256:9d4f06603090304584f685b2f3d9f4289eb5c52b83fca472f922cb83cc3fb93f" },
]

[[package]]
name = "python-dateutil"
version = "2.9.0.post0"
source = { registry = "https://mirrors.aliyun.com/pypi/simple/" }
dependencies = [
    { name = "six" },
]
sdist = { url = "https://mirrors.aliyun.com/pypi/packages/66/c0/0c8b6ad9f17a802ee498c46e004a0eb49bc148f2fd230864601a86dcf6db/python-dateutil-2.9.0.post0.tar.gz", hash = "sha256:37dd54208da7e1cd875388217d5e00ebd4179249f90fb72437e91a35459a0ad3" }
wheels = [
    { url = "https://mirrors.aliyun.com/pypi/packages/ec/57/56b9bcc3c9c6a792fcbaf139543cee77261f3651ca9da0c93f5c1221264b/python_dateutil-2.9.0.post0-py2.py3-none-any.whl", hash = "sha256:a8b2bc7bffae282281c8140a97d3aa9c14da0b136dfe83f850eea9a5f7470427" },
]

[[package]]
name = "six"
version = "1.17.0"
source = { registry = "https://mirrors.aliyun.com/pypi/simple/" }
sdist = { url = "https://mirrors.aliyun.com/pypi/packages/94/e7/b2c673351809dca68a0e064b6af791aa332cf192da575fd474ed7d6f16a2/six-1.17.0.tar.gz", hash = "sha256:ff70335d468e7eb6ec65b95b99d3a2836546063f63acc5171de367e834932a81" }
wheels = [
    { url = "https://mirrors.aliyun.com/pypi/packages/b7/ce/149a00dd41f10bc29e5921b496af8b574d8413afcd5e30dfa0ed46c2cc5e/six-1.17.0-py2.py3-none-any.whl", hash = "sha256:4721f391ed90541fddacab5acf947aa0d3dc7d27b2e1e8eda2be8970586c3274" },
]

[[package]]
name = "termcolor"
version = "2.4.0"
source = { registry = "https://mirrors.aliyun.com/pypi/simple/" }
resolution-markers = [
    "python_full_version < '3.9'",
]
sdist = { url = "https://mirrors.aliyun.com/pypi/packages/10/56/d7d66a84f96d804155f6ff2873d065368b25a07222a6fd51c4f24ef6d764/termcolor-2.4.0.tar.gz", hash = "sha256:aab9e56047c8ac41ed798fa36d892a37aca6b3e9159f3e0c24bc64a9b3ac7b7a" }
wheels = [
    { url = "https://mirrors.aliyun.com/pypi/packages/d9/5f/8c716e47b3a50cbd7c146f45881e11d9414def768b7cd9c5e6650ec2a80a/termcolor-2.4.0-py3-none-any.whl", hash = "sha256:9297c0df9c99445c2412e832e882a7884038a25617c60cea2ad69488d4040d63" },
]

[[package]]
name = "termcolor"
version = "3.1.0"
source = { registry = "https://mirrors.aliyun.com/pypi/simple/" }
resolution-markers = [
    "python_full_version == '3.9.*'",
]
sdist = { url = "https://mirrors.aliyun.com/pypi/packages/ca/6c/3d75c196ac07ac8749600b60b03f4f6094d54e132c4d94ebac6ee0e0add0/termcolor-3.1.0.tar.gz", hash = "sha256:6a6dd7fbee581909eeec6a756cff1d7f7c376063b14e4a298dc4980309e55970" }
wheels = [
    { url = "https://mirrors.aliyun.com/pypi/packages/4f/bd/de8d508070629b6d84a30d01d57e4a65c69aa7f5abe7560b8fad3b50ea59/termcolor-3.1.0-py3-none-any.whl", hash = "sha256:591dd26b5c2ce03b9e43f391264626557873ce1d379019786f99b0c2bee140aa" },
]

[[package]]
name = "termcolor"
version = "3.3.0"
source = { registry = "https://mirrors.aliyun.com/pypi/simple/" }
resolution-markers = [
    "python_full_version >= '3.10'",
]
sdist = { url = "https://mirrors.aliyun.com/pypi/packages/46/79/cf31d7a93a8fdc6aa0fbb665be84426a8c5a557d9240b6239e9e11e35fc5/termcolor-3.3.0.tar.gz", hash = "sha256:348871ca648ec6a9a983a13ab626c0acce02f515b9e1983332b17af7979521c5" }
wheels = [
    { url = "https://mirrors.aliyun.com/pypi/packages/33/d1/8bb87d21e9aeb323cc03034f5eaf2c8f69841e40e4853c2627edf8111ed3/termcolor-3.3.0-py3-none-any.whl", hash = "sha256:cf642efadaf0a8ebbbf4bc7a31cec2f9b5f21a9f726f4ccbb08192c9c26f43a5" },
]

[[package]]
name = "zhdate"
version = "0.1"
source = { registry = "https://mirrors.aliyun.com/pypi/simple/" }
sdist = { url = "https://mirrors.aliyun.com/pypi/packages/67/64/7ba359eab7f61a4852a5125da723544a99d27d37d89b0e3608177195a1cb/zhdate-0.1.tar.gz", hash = "sha256:cf54c07a9a9a027db3a970f7477b7eb7962a0fc0d5f5d5d284a76e953e68993c" }
wheels = [
    { url = "https://mirrors.aliyun.com/pypi/packages/e5/5e/5ddf769b1ca31d1e997b94a390279da6892c99702593c1feedb93a70f508/zhdate-0.1-py3-none-any.whl", hash = "sha256:d003657bf49d6722c4c3adcb9a91722f6de1077bf3be0e54c0f4492b5e028fa4" },
]
